# This file was autogenerated by Stack.
# You should not edit this file by hand.
# For more information, please see the documentation at:
#   https://docs.haskellstack.org/en/stable/lock_files

packages:
- completed:
    hackage: morpheus-graphql-0.10.0@sha256:02d06672f508d0c199932f81fdab1337e967375d57d91cec00fa02b7bfc70abb,24229
    pantry-tree:
      size: 35491
      sha256: bab034192a83daee625055d762eb988fb139cbed12c549ba8939c1fcade2d25f
  original:
    hackage: morpheus-graphql-0.10.0
- completed:
    hackage: postgresql-simple-typed-0.1.1.1@sha256:d6fe136341147fbbe948341a647390bd880dd6115da39638cd0781869cb32b45,1287
    pantry-tree:
      size: 417
      sha256: cd7a81315b5dc697cf53df10c0700e49886b37c0813a1ab1e6a9255c04a9ec03
  original:
    hackage: postgresql-simple-typed-0.1.1.1
- completed:
    hackage: typedquery-0.1.1.2@sha256:7c401b2932f0c4136af0b05b1f3507e2b4d93e84a9cf122d706e3e6b82601b3b,1551
    pantry-tree:
      size: 426
      sha256: 90791454d3b33f660240e1c92cf8a1270e2b5f5a3cde509160e09d2630d24139
  original:
    hackage: typedquery-0.1.1.2
snapshots:
- completed:
    size: 524162
    url: https://raw.githubusercontent.com/commercialhaskell/stackage-snapshots/master/lts/14/21.yaml
    sha256: 9a55dd75853718f2bbbe951872b36a3b7802fcd71796e0f25b8664f24e34c666
  original: lts-14.21
