# This file was autogenerated by Stack.
# You should not edit this file by hand.
# For more information, please see the documentation at:
#   https://docs.haskellstack.org/en/stable/lock_files

packages:
- completed:
    hackage: ghc-prim-0.5.3@sha256:2284e90b0d56dfd389588b5c927e7f22c17f1d6c2291464cb0cc3f9651b0ba23,2319
    pantry-tree:
      size: 1243
      sha256: 0cfcb729cad4238cabfa57c5b68ae66475415237cd08c25b9fc804dd10bb8bc0
  original:
    hackage: ghc-prim-0.5.3
- completed:
    hackage: composition-prelude-2.0.5.0@sha256:2e18aa0baa6ba527b086261f077a10c2786594879f6c0cbcb50464b9d69b1521,1149
    pantry-tree:
      size: 284
      sha256: c05343a0bfe62dd3e14ebf89e440cf5bc9148957f2596efcaf0c9553f235befc
  original:
    hackage: composition-prelude-2.0.5.0
- completed:
    hackage: postgresql-simple-named-0.0.2.0@sha256:e8756b2cc4618b959c4a2ef4f32436841cc2bd6ddfcafcdf3298990eca4c38b2,3290
    pantry-tree:
      size: 386
      sha256: d8a47494c00e943100ec424e0b514c530a13b456f160e2a2d76a7ff5c613157f
  original:
    hackage: postgresql-simple-named-0.0.2.0
- completed:
    hackage: morpheus-graphql-0.10.0@sha256:02d06672f508d0c199932f81fdab1337e967375d57d91cec00fa02b7bfc70abb,24229
    pantry-tree:
      size: 35491
      sha256: bab034192a83daee625055d762eb988fb139cbed12c549ba8939c1fcade2d25f
  original:
    hackage: morpheus-graphql-0.10.0
- completed:
    hackage: hspec-wai-0.10.1@sha256:56dd9ec1d56f47ef1946f71f7cbf070e4c285f718cac1b158400ae5e7172ef47,2290
    pantry-tree:
      size: 809
      sha256: 17af1c2e709cd84bfda066b9ebb04cdde7f92660c51a1f7401a1e9f766524e93
  original:
    hackage: hspec-wai-0.10.1
- completed:
    hackage: xattr-0.6.2@sha256:70e9cd15431bbcf4931c1cf9d9accf322a4b4844be361e0dbb016b2884827d45,1509
    pantry-tree:
      size: 606
      sha256: bbffa2dbd63d81582e669043d73031de05c0463d3ad2fce551636914c5ea291c
  original:
    hackage: xattr-0.6.2
- completed:
    hackage: command-0.1.1@sha256:5232b98c195bc3b8a6f35c55ccd2fa424abe355ca54cfcd836bbe7e494834773,1110
    pantry-tree:
      size: 167
      sha256: 1ecfeb4b1367de6b489dbda20be05df78beb07f71d7c0b1f471fab1cd9c8044a
  original:
    hackage: command-0.1.1
- completed:
    hackage: req-3.1.0@sha256:c42bf205421a3a07749c725d1a9ebd494dd577cd2f7f62e7ff26a98b3229da1c,4800
    pantry-tree:
      size: 712
      sha256: d91f5677cf1adc0a121fa9aa330270c7eb273f499ba519383a29b0f6b0d4bf22
  original:
    hackage: req-3.1.0
- completed:
    hackage: wai-router-1.0.0.1@sha256:36ca265474bfcb7c682f8c5a8cb1400fb6c2db04ebb99cc480c075d9d15d8c52,816
    pantry-tree:
      size: 226
      sha256: a3011df9cdc7e17611c5325960c60f4547aa793cd28d19443df77f384e574b89
  original:
    hackage: wai-router-1.0.0.1
- completed:
    size: 152435
    url: https://github.com/hlian/linklater/archive/7116a0c08a3e17a60df4cb6b036cee68e6a727a7.tar.gz
    cabal-file:
      size: 1889
      sha256: 61a08f1d522f82c626a504c6815f293385971f1887def25815f58a1e6d8235d0
    name: linklater
    version: 4.0.0.2
    sha256: b9a3d628623852805c02b2f100e0cf56de74eb2f376af473cf42c0cec21378c0
    pantry-tree:
      size: 1620
      sha256: 7923455ee115107030f66dabd3b5da1ee8f2e5d3aee27ef943422d52b094ddb7
  original:
    url: https://github.com/hlian/linklater/archive/7116a0c08a3e17a60df4cb6b036cee68e6a727a7.tar.gz
snapshots:
- completed:
    size: 524164
    url: https://raw.githubusercontent.com/commercialhaskell/stackage-snapshots/master/lts/14/22.yaml
    sha256: 7ad8f33179b32d204165a3a662c6269464a47a7e65a30abc38d01b5a38ec42c0
  original: lts-14.22
