# This file was autogenerated by Stack.
# You should not edit this file by hand.
# For more information, please see the documentation at:
#   https://docs.haskellstack.org/en/stable/lock_files

packages:
- completed:
    hackage: morpheus-graphql-0.10.0@sha256:02d06672f508d0c199932f81fdab1337e967375d57d91cec00fa02b7bfc70abb,24229
    pantry-tree:
      size: 35491
      sha256: bab034192a83daee625055d762eb988fb139cbed12c549ba8939c1fcade2d25f
  original:
    hackage: morpheus-graphql-0.10.0
snapshots:
- completed:
    size: 524162
    url: https://raw.githubusercontent.com/commercialhaskell/stackage-snapshots/master/lts/14/21.yaml
    sha256: 9a55dd75853718f2bbbe951872b36a3b7802fcd71796e0f25b8664f24e34c666
  original: lts-14.21
